<Solution>
  <Folder Name="/src/">
    <Project Path="src/SalesDeliveryBI.Api/SalesDeliveryBI.Api.csproj" />
    <Project Path="src/SalesDeliveryBI.Application/SalesDeliveryBI.Application.csproj" />
    <Project Path="src/SalesDeliveryBI.Domain/SalesDeliveryBI.Domain.csproj" />
    <Project Path="src/SalesDeliveryBI.Infrastructure/SalesDeliveryBI.Infrastructure.csproj" />
  </Folder>
  <Folder Name="/tests/">
    <Project Path="tests/SalesDeliveryBI.Application.Tests/SalesDeliveryBI.Application.Tests.csproj" />
    <Project Path="tests/SalesDeliveryBI.Infrastructure.Tests/SalesDeliveryBI.Infrastructure.Tests.csproj" />
  </Folder>
</Solution>
